
Microsoft Visual Studio Solution File, Format Version 12.00
# Visual Studio Version 17
VisualStudioVersion = 17.8.34330.188
MinimumVisualStudioVersion = 10.0.40219.1
Project("{8BC9CEB8-8B4A-11D0-8D11-00A0C91BC942}") = "Game", "Game\Game.vcxproj", "{2F43F095-B7DD-46B6-9408-D8C3AB27E965}"
EndProject
Project("{8BC9CEB8-8B4A-11D0-8D11-00A0C91BC942}") = "Sockets", "Sockets\Sockets.vcxproj", "{EB8709DA-8EAC-4BD8-915E-84A6CFAC0197}"
EndProject
Project("{8BC9CEB8-8B4A-11D0-8D11-00A0C91BC942}") = "Server", "Server\Server.vcxproj", "{C9701477-263B-419D-9C91-7C6FAC246E17}"
EndProject
Project("{8BC9CEB8-8B4A-11D0-8D11-00A0C91BC942}") = "Globals", "Globals\Globals.vcxproj", "{71678AC9-941D-4A0D-B44E-9B2DFC4E9D53}"
EndProject
Global
	GlobalSection(SolutionConfigurationPlatforms) = preSolution
		Debug|x64 = Debug|x64
		Debug|x86 = Debug|x86
		Release|x64 = Release|x64
		Release|x86 = Release|x86
	EndGlobalSection
	GlobalSection(ProjectConfigurationPlatforms) = postSolution
		{2F43F095-B7DD-46B6-9408-D8C3AB27E965}.Debug|x64.ActiveCfg = Debug|x64
		{2F43F095-B7DD-46B6-9408-D8C3AB27E965}.Debug|x64.Build.0 = Debug|x64
		{2F43F095-B7DD-46B6-9408-D8C3AB27E965}.Debug|x86.ActiveCfg = Debug|Win32
		{2F43F095-B7DD-46B6-9408-D8C3AB27E965}.Debug|x86.Build.0 = Debug|Win32
		{2F43F095-B7DD-46B6-9408-D8C3AB27E965}.Release|x64.ActiveCfg = Release|x64
		{2F43F095-B7DD-46B6-9408-D8C3AB27E965}.Release|x64.Build.0 = Release|x64
		{2F43F095-B7DD-46B6-9408-D8C3AB27E965}.Release|x86.ActiveCfg = Release|Win32
		{2F43F095-B7DD-46B6-9408-D8C3AB27E965}.Release|x86.Build.0 = Release|Win32
		{EB8709DA-8EAC-4BD8-915E-84A6CFAC0197}.Debug|x64.ActiveCfg = Debug|x64
		{EB8709DA-8EAC-4BD8-915E-84A6CFAC0197}.Debug|x64.Build.0 = Debug|x64
		{EB8709DA-8EAC-4BD8-915E-84A6CFAC0197}.Debug|x86.ActiveCfg = Debug|Win32
		{EB8709DA-8EAC-4BD8-915E-84A6CFAC0197}.Debug|x86.Build.0 = Debug|Win32
		{EB8709DA-8EAC-4BD8-915E-84A6CFAC0197}.Release|x64.ActiveCfg = Release|x64
		{EB8709DA-8EAC-4BD8-915E-84A6CFAC0197}.Release|x64.Build.0 = Release|x64
		{EB8709DA-8EAC-4BD8-915E-84A6CFAC0197}.Release|x86.ActiveCfg = Release|Win32
		{EB8709DA-8EAC-4BD8-915E-84A6CFAC0197}.Release|x86.Build.0 = Release|Win32
		{C9701477-263B-419D-9C91-7C6FAC246E17}.Debug|x64.ActiveCfg = Debug|x64
		{C9701477-263B-419D-9C91-7C6FAC246E17}.Debug|x64.Build.0 = Debug|x64
		{C9701477-263B-419D-9C91-7C6FAC246E17}.Debug|x86.ActiveCfg = Debug|Win32
		{C9701477-263B-419D-9C91-7C6FAC246E17}.Debug|x86.Build.0 = Debug|Win32
		{C9701477-263B-419D-9C91-7C6FAC246E17}.Release|x64.ActiveCfg = Release|x64
		{C9701477-263B-419D-9C91-7C6FAC246E17}.Release|x64.Build.0 = Release|x64
		{C9701477-263B-419D-9C91-7C6FAC246E17}.Release|x86.ActiveCfg = Release|Win32
		{C9701477-263B-419D-9C91-7C6FAC246E17}.Release|x86.Build.0 = Release|Win32
		{71678AC9-941D-4A0D-B44E-9B2DFC4E9D53}.Debug|x64.ActiveCfg = Debug|x64
		{71678AC9-941D-4A0D-B44E-9B2DFC4E9D53}.Debug|x64.Build.0 = Debug|x64
		{71678AC9-941D-4A0D-B44E-9B2DFC4E9D53}.Debug|x86.ActiveCfg = Debug|Win32
		{71678AC9-941D-4A0D-B44E-9B2DFC4E9D53}.Debug|x86.Build.0 = Debug|Win32
		{71678AC9-941D-4A0D-B44E-9B2DFC4E9D53}.Release|x64.ActiveCfg = Release|x64
		{71678AC9-941D-4A0D-B44E-9B2DFC4E9D53}.Release|x64.Build.0 = Release|x64
		{71678AC9-941D-4A0D-B44E-9B2DFC4E9D53}.Release|x86.ActiveCfg = Release|Win32
		{71678AC9-941D-4A0D-B44E-9B2DFC4E9D53}.Release|x86.Build.0 = Release|Win32
	EndGlobalSection
	GlobalSection(SolutionProperties) = preSolution
		HideSolutionNode = FALSE
	EndGlobalSection
	GlobalSection(ExtensibilityGlobals) = postSolution
		SolutionGuid = {D4428F4C-4564-42B3-B484-F2C4E47DA553}
	EndGlobalSection
EndGlobal
